{
  "nodes": {
    "clipper2-src": {
      "flake": false,
      "locked": {
        "lastModified": 1728932753,
        "narHash": "sha256-m/uKGB3BHFRk0wrd71+/oURqxIR1/qQngm77No41la0=",
        "owner": "AngusJohnson",
        "repo": "Clipper2",
        "rev": "ed98928c66707988d4eb2c49a31c41380a08931c",
        "type": "github"
      },
      "original": {
        "owner": "AngusJohnson",
        "repo": "Clipper2",
        "type": "github"
      }
    },
    "flake-utils": {
      "inputs": {
        "systems": "systems"
      },
      "locked": {
        "lastModified": 1726560853,
        "narHash": "sha256-X6rJYSESBVr3hBoH0WbKE5KvhPU5bloyZ2L4K60/fPQ=",
        "owner": "numtide",
        "repo": "flake-utils",
        "rev": "c1dfcf08411b08f6b8615f7d8971a2bfa81d5e8a",
        "type": "github"
      },
      "original": {
        "owner": "numtide",
        "repo": "flake-utils",
        "type": "github"
      }
    },
    "gersemi-src": {
      "flake": false,
      "locked": {
        "lastModified": 1729957417,
        "narHash": "sha256-t9W27lwNKRFAraynAGEawFb1qCW9/b3RCm/jeb9zJXg=",
        "owner": "BlankSpruce",
        "repo": "gersemi",
        "rev": "27f279333ec3308f9910d53fe4dd69d622e4bc55",
        "type": "github"
      },
      "original": {
        "owner": "BlankSpruce",
        "ref": "0.17.0",
        "repo": "gersemi",
        "type": "github"
      }
    },
    "gtest-src": {
      "flake": false,
      "locked": {
        "lastModified": 1690989893,
        "narHash": "sha256-t0RchAHTJbuI5YW4uyBPykTvcjy90JW9AOPNjIhwh6U=",
        "owner": "google",
        "repo": "googletest",
        "rev": "f8d7d77c06936315286eb55f8de22cd23c188571",
        "type": "github"
      },
      "original": {
        "owner": "google",
        "ref": "v1.14.0",
        "repo": "googletest",
        "type": "github"
      }
    },
    "nixpkgs": {
      "locked": {
        "lastModified": 1731139594,
        "narHash": "sha256-IigrKK3vYRpUu+HEjPL/phrfh7Ox881er1UEsZvw9Q4=",
        "owner": "NixOS",
        "repo": "nixpkgs",
        "rev": "76612b17c0ce71689921ca12d9ffdc9c23ce40b2",
        "type": "github"
      },
      "original": {
        "id": "nixpkgs",
        "ref": "nixos-unstable",
        "type": "indirect"
      }
    },
    "onetbb-src": {
      "flake": false,
      "locked": {
        "lastModified": 1730395391,
        "narHash": "sha256-XOlC1+rf65oEGKDba9N561NuFo1YJhn3Q1CTGtvkn7A=",
        "owner": "oneapi-src",
        "repo": "oneTBB",
        "rev": "0c0ff192a2304e114bc9e6557582dfba101360ff",
        "type": "github"
      },
      "original": {
        "owner": "oneapi-src",
        "ref": "v2022.0.0",
        "repo": "oneTBB",
        "type": "github"
      }
    },
    "root": {
      "inputs": {
        "clipper2-src": "clipper2-src",
        "flake-utils": "flake-utils",
        "gersemi-src": "gersemi-src",
        "gtest-src": "gtest-src",
        "nixpkgs": "nixpkgs",
        "onetbb-src": "onetbb-src"
      }
    },
    "systems": {
      "locked": {
        "lastModified": 1681028828,
        "narHash": "sha256-Vy1rq5AaRuLzOxct8nz4T6wlgyUR7zLU309k9mBC768=",
        "owner": "nix-systems",
        "repo": "default",
        "rev": "da67096a3b9bf56a91d16901293e51ba5b49a27e",
        "type": "github"
      },
      "original": {
        "owner": "nix-systems",
        "repo": "default",
        "type": "github"
      }
    }
  },
  "root": "root",
  "version": 7
}
