{
  "nodes": {
    "clipper2-src": {
      "flake": false,
      "locked": {
        "lastModified": 1766183865,
        "narHash": "sha256-Pqmrj9SDooM+VU4ObQrtaU9+GN//FsD+Brp+OsN0cPM=",
        "owner": "AngusJohnson",
        "repo": "Clipper2",
        "rev": "21ebba05db8894f0c7217ad35ea518080f324946",
        "type": "github"
      },
      "original": {
        "owner": "AngusJohnson",
        "ref": "Clipper2_2.0.1",
        "repo": "Clipper2",
        "type": "github"
      }
    },
    "flake-utils": {
      "inputs": {
        "systems": "systems"
      },
      "locked": {
        "lastModified": 1731533236,
        "narHash": "sha256-l0KFg5HjrsfsO/JpG+r7fRrqm12kzFHyUHqHCVpMMbI=",
        "owner": "numtide",
        "repo": "flake-utils",
        "rev": "11707dc2f618dd54ca8739b309ec4fc024de578b",
        "type": "github"
      },
      "original": {
        "owner": "numtide",
        "repo": "flake-utils",
        "type": "github"
      }
    },
    "gtest-src": {
      "flake": false,
      "locked": {
        "lastModified": 1746032069,
        "narHash": "sha256-HIHMxAUR4bjmFLoltJeIAVSulVQ6kVuIT2Ku+lwAx/4=",
        "owner": "google",
        "repo": "googletest",
        "rev": "52eb8108c5bdec04579160ae17225d66034bd723",
        "type": "github"
      },
      "original": {
        "owner": "google",
        "ref": "v1.17.0",
        "repo": "googletest",
        "type": "github"
      }
    },
    "nixpkgs": {
      "locked": {
        "lastModified": 1768127708,
        "narHash": "sha256-1Sm77VfZh3mU0F5OqKABNLWxOuDeHIlcFjsXeeiPazs=",
        "owner": "NixOS",
        "repo": "nixpkgs",
        "rev": "ffbc9f8cbaacfb331b6017d5a5abb21a492c9a38",
        "type": "github"
      },
      "original": {
        "id": "nixpkgs",
        "ref": "nixos-unstable",
        "type": "indirect"
      }
    },
    "onetbb-src": {
      "flake": false,
      "locked": {
        "lastModified": 1761737496,
        "narHash": "sha256-HIHF6KHlEI4rgQ9Epe0+DmNe1y95K9iYa4V/wFnJfEU=",
        "owner": "oneapi-src",
        "repo": "oneTBB",
        "rev": "f1862f38f83568d96e814e469ab61f88336cc595",
        "type": "github"
      },
      "original": {
        "owner": "oneapi-src",
        "ref": "v2022.3.0",
        "repo": "oneTBB",
        "type": "github"
      }
    },
    "root": {
      "inputs": {
        "clipper2-src": "clipper2-src",
        "flake-utils": "flake-utils",
        "gtest-src": "gtest-src",
        "nixpkgs": "nixpkgs",
        "onetbb-src": "onetbb-src"
      }
    },
    "systems": {
      "locked": {
        "lastModified": 1681028828,
        "narHash": "sha256-Vy1rq5AaRuLzOxct8nz4T6wlgyUR7zLU309k9mBC768=",
        "owner": "nix-systems",
        "repo": "default",
        "rev": "da67096a3b9bf56a91d16901293e51ba5b49a27e",
        "type": "github"
      },
      "original": {
        "owner": "nix-systems",
        "repo": "default",
        "type": "github"
      }
    }
  },
  "root": "root",
  "version": 7
}
