{
  "name": "Manifold",
  "lockfileVersion": 3,
  "requires": true,
  "packages": {
    "": {
      "devDependencies": {
        "prettier": "3.8.1",
        "vite-bundle-analyzer": "^1.3.7"
      }
    },
    "node_modules/prettier": {
      "version": "3.8.1",
      "resolved": "https://registry.npmjs.org/prettier/-/prettier-3.8.1.tgz",
      "integrity": "sha512-UOnG6LftzbdaHZcKoPFtOcCKztrQ57WkHDeRD9t/PTQtmT0NHSeWWepj6pS0z/N7+08BHFDQVUrfmfMRcZwbMg==",
      "dev": true,
      "license": "MIT",
      "bin": {
        "prettier": "bin/prettier.cjs"
      },
      "engines": {
        "node": ">=14"
      },
      "funding": {
        "url": "https://github.com/prettier/prettier?sponsor=1"
      }
    },
    "node_modules/vite-bundle-analyzer": {
      "version": "1.3.7",
      "resolved": "https://registry.npmjs.org/vite-bundle-analyzer/-/vite-bundle-analyzer-1.3.7.tgz",
      "integrity": "sha512-dYlW6iM0Gq7+uSEfXytDC+UjruUMgEKhXwQUbw4cJUgHA6FdEhpLgIrL5OZEyabrzVen0mZyfOSESyZ7nGyT8g==",
      "dev": true,
      "license": "MIT",
      "bin": {
        "analyze": "dist/bin.js"
      }
    }
  }
}
