{
  "originHash" : "3e2f64f29576d5c20d33a6b24091e7d829288ea5ac3d2f3c511a81a1b60bbab2",
  "pins" : [
    {
      "identity" : "clipper2",
      "kind" : "remoteSourceControl",
      "location" : "https://github.com/audulus/Clipper2",
      "state" : {
        "branch" : "spm",
        "revision" : "73a65374f4fec1682bf6af8855e177aa1b02ea3c"
      }
    },
    {
      "identity" : "glm",
      "kind" : "remoteSourceControl",
      "location" : "https://github.com/audulus/glm",
      "state" : {
        "branch" : "spm",
        "revision" : "ad839f90fcd1e630ae134d12b0f21c1d80c58271"
      }
    },
    {
      "identity" : "tbb-spm",
      "kind" : "remoteSourceControl",
      "location" : "https://github.com/audulus/tbb-spm",
      "state" : {
        "branch" : "main",
        "revision" : "3b7877905112736ef6143e990ac9f07434d0abdf"
      }
    }
  ],
  "version" : 3
}
