{
  "originHash" : "901e0bae4da1f7f4fbef3b93426983bda80047d658efcd9730e185ce553af2aa",
  "pins" : [
    {
      "identity" : "clipper2",
      "kind" : "remoteSourceControl",
      "location" : "https://github.com/audulus/Clipper2",
      "state" : {
        "branch" : "spm",
        "revision" : "73a65374f4fec1682bf6af8855e177aa1b02ea3c"
      }
    },
    {
      "identity" : "glm",
      "kind" : "remoteSourceControl",
      "location" : "https://github.com/audulus/glm",
      "state" : {
        "branch" : "spm",
        "revision" : "ad839f90fcd1e630ae134d12b0f21c1d80c58271"
      }
    },
    {
      "identity" : "onetbb",
      "kind" : "remoteSourceControl",
      "location" : "https://github.com/audulus/oneTBB",
      "state" : {
        "branch" : "spm",
        "revision" : "b597dfb31989aff7cf981d5872f504c7b4c4d13a"
      }
    }
  ],
  "version" : 3
}
