{
  "name": "Manifold",
  "lockfileVersion": 3,
  "requires": true,
  "packages": {
    "": {
      "devDependencies": {
        "vite-bundle-analyzer": "^1.3.7"
      }
    },
    "node_modules/vite-bundle-analyzer": {
      "version": "1.3.7",
      "resolved": "https://registry.npmjs.org/vite-bundle-analyzer/-/vite-bundle-analyzer-1.3.7.tgz",
      "integrity": "sha512-dYlW6iM0Gq7+uSEfXytDC+UjruUMgEKhXwQUbw4cJUgHA6FdEhpLgIrL5OZEyabrzVen0mZyfOSESyZ7nGyT8g==",
      "dev": true,
      "license": "MIT",
      "bin": {
        "analyze": "dist/bin.js"
      }
    }
  }
}
